
Microsoft Visual Studio Solution File, Format Version 12.00
# Visual Studio Version 17
VisualStudioVersion = 17.4.33213.308
MinimumVisualStudioVersion = 10.0.40219.1
Project("{FAE04EC0-301F-11D3-BF4B-00C04F79EFBC}") = "BookLoan.API", "BookLoan.API\BookLoan.API.csproj", "{885D2B33-A019-45F2-959D-21195FA85A59}"
EndProject
Global
	GlobalSection(SolutionConfigurationPlatforms) = preSolution
		Debug|Any CPU = Debug|Any CPU
		Release|Any CPU = Release|Any CPU
	EndGlobalSection
	GlobalSection(ProjectConfigurationPlatforms) = postSolution
		{885D2B33-A019-45F2-959D-21195FA85A59}.Debug|Any CPU.ActiveCfg = Debug|Any CPU
		{885D2B33-A019-45F2-959D-21195FA85A59}.Debug|Any CPU.Build.0 = Debug|Any CPU
		{885D2B33-A019-45F2-959D-21195FA85A59}.Release|Any CPU.ActiveCfg = Release|Any CPU
		{885D2B33-A019-45F2-959D-21195FA85A59}.Release|Any CPU.Build.0 = Release|Any CPU
	EndGlobalSection
	GlobalSection(SolutionProperties) = preSolution
		HideSolutionNode = FALSE
	EndGlobalSection
	GlobalSection(ExtensibilityGlobals) = postSolution
		SolutionGuid = {0550B05F-A95B-4780-830E-41100B89CF42}
	EndGlobalSection
EndGlobal
